
Microsoft Visual Studio Solution File, Format Version 12.00
# Visual Studio 14
VisualStudioVersion = 14.0.23107.0
MinimumVisualStudioVersion = 10.0.40219.1
Project("{FAE04EC0-301F-11D3-BF4B-00C04F79EFBC}") = "officeLibSample", "testofficeLib\officeLibSample.csproj", "{A30DD2A5-6ED9-406A-8B00-C03CDA0144B8}"
EndProject
Global
	GlobalSection(SolutionConfigurationPlatforms) = preSolution
		Debug|Any CPU = Debug|Any CPU
		Release|Any CPU = Release|Any CPU
	EndGlobalSection
	GlobalSection(ProjectConfigurationPlatforms) = postSolution
		{A30DD2A5-6ED9-406A-8B00-C03CDA0144B8}.Debug|Any CPU.ActiveCfg = Debug|Any CPU
		{A30DD2A5-6ED9-406A-8B00-C03CDA0144B8}.Debug|Any CPU.Build.0 = Debug|Any CPU
		{A30DD2A5-6ED9-406A-8B00-C03CDA0144B8}.Release|Any CPU.ActiveCfg = Release|Any CPU
		{A30DD2A5-6ED9-406A-8B00-C03CDA0144B8}.Release|Any CPU.Build.0 = Release|Any CPU
	EndGlobalSection
	GlobalSection(SolutionProperties) = preSolution
		HideSolutionNode = FALSE
	EndGlobalSection
EndGlobal
